
Microsoft Visual Studio Solution File, Format Version 12.00
# Visual Studio 15
VisualStudioVersion = 15.0.26430.15
MinimumVisualStudioVersion = 10.0.40219.1
Project("{888888A0-9F3D-457C-B088-3A5042F75D52}") = "CarND-Advanced-Lane-Lines", "CarND-Advanced-Lane-Lines.pyproj", "{440D2E30-8D46-47BC-8338-C081853CF5F7}"
EndProject
Project("{F2A71F9B-5D33-465A-A702-920D77279786}") = "AdvancedLaneMarking", "AdvancedLaneMarking\AdvancedLaneMarking.fsproj", "{72ADA154-E30D-4D56-A574-6F76FEC01A67}"
EndProject
Global
	GlobalSection(SolutionConfigurationPlatforms) = preSolution
		Debug|Any CPU = Debug|Any CPU
		Release|Any CPU = Release|Any CPU
	EndGlobalSection
	GlobalSection(ProjectConfigurationPlatforms) = postSolution
		{440D2E30-8D46-47BC-8338-C081853CF5F7}.Debug|Any CPU.ActiveCfg = Debug|Any CPU
		{440D2E30-8D46-47BC-8338-C081853CF5F7}.Release|Any CPU.ActiveCfg = Release|Any CPU
		{72ADA154-E30D-4D56-A574-6F76FEC01A67}.Debug|Any CPU.ActiveCfg = Debug|Any CPU
		{72ADA154-E30D-4D56-A574-6F76FEC01A67}.Debug|Any CPU.Build.0 = Debug|Any CPU
		{72ADA154-E30D-4D56-A574-6F76FEC01A67}.Release|Any CPU.ActiveCfg = Release|Any CPU
		{72ADA154-E30D-4D56-A574-6F76FEC01A67}.Release|Any CPU.Build.0 = Release|Any CPU
	EndGlobalSection
	GlobalSection(SolutionProperties) = preSolution
		HideSolutionNode = FALSE
	EndGlobalSection
EndGlobal
